
Microsoft Visual Studio Solution File, Format Version 12.00
# Visual Studio Version 16
VisualStudioVersion = 16.0.29306.81
MinimumVisualStudioVersion = 10.0.40219.1
Project("{FAE04EC0-301F-11D3-BF4B-00C04F79EFBC}") = "CadPessoa", "CadPessoa.csproj", "{EC23B7CA-F666-4A44-946E-25161E5DD30E}"
EndProject
Global
	GlobalSection(SolutionConfigurationPlatforms) = preSolution
		Debug|Any CPU = Debug|Any CPU
		Release|Any CPU = Release|Any CPU
	EndGlobalSection
	GlobalSection(ProjectConfigurationPlatforms) = postSolution
		{EC23B7CA-F666-4A44-946E-25161E5DD30E}.Debug|Any CPU.ActiveCfg = Debug|Any CPU
		{EC23B7CA-F666-4A44-946E-25161E5DD30E}.Debug|Any CPU.Build.0 = Debug|Any CPU
		{EC23B7CA-F666-4A44-946E-25161E5DD30E}.Release|Any CPU.ActiveCfg = Release|Any CPU
		{EC23B7CA-F666-4A44-946E-25161E5DD30E}.Release|Any CPU.Build.0 = Release|Any CPU
	EndGlobalSection
	GlobalSection(SolutionProperties) = preSolution
		HideSolutionNode = FALSE
	EndGlobalSection
	GlobalSection(ExtensibilityGlobals) = postSolution
		SolutionGuid = {B9979A57-C31D-4324-AAF9-ACDD0EF830A8}
	EndGlobalSection
EndGlobal
